<?xml version="1.0" encoding="utf-8"?>
<Project ToolsVersion="4.0" xmlns="http://schemas.microsoft.com/developer/msbuild/2003">
  <ItemGroup>
    <Filter Include="Source Files">
      <UniqueIdentifier>{4FC737F1-C7A5-4376-A066-2A32D752A2FF}</UniqueIdentifier>
      <Extensions>cpp;c;cc;cxx;def;odl;idl;hpj;bat;asm;asmx</Extensions>
    </Filter>
    <Filter Include="Header Files">
      <UniqueIdentifier>{93995380-89BD-4b04-88EB-625FBE52EBFB}</UniqueIdentifier>
      <Extensions>h;hh;hpp;hxx;hm;inl;inc;xsd</Extensions>
    </Filter>
    <Filter Include="Resource Files">
      <UniqueIdentifier>{67DA6AB6-F800-4c08-8B7A-83BB121AAD01}</UniqueIdentifier>
      <Extensions>rc;ico;cur;bmp;dlg;rc2;rct;bin;rgs;gif;jpg;jpeg;jpe;resx;tiff;tif;png;wav</Extensions>
    </Filter>
  </ItemGroup>
  <ItemGroup>
    <None Include="packages.config" />
    <None Include="resources\mythica.ogg">
      <Filter>Resource Files</Filter>
    </None>
    <None Include="resources\S31-Night Prowler.ogg">
      <Filter>Resource Files</Filter>
    </None>
  </ItemGroup>
  <ItemGroup>
    <ClCompile Include="Final Code (advanced)\game.c">
      <Filter>Source Files</Filter>
    </ClCompile>
    <ClCompile Include="Final Code (advanced)\main.c">
      <Filter>Source Files</Filter>
    </ClCompile>
    <ClCompile Include="Final Code (advanced)\scene_menu.c">
      <Filter>Source Files</Filter>
    </ClCompile>
    <ClCompile Include="Final Code (advanced)\scene_settings.c">
      <Filter>Source Files</Filter>
    </ClCompile>
    <ClCompile Include="Final Code (advanced)\scene_start.c">
      <Filter>Source Files</Filter>
    </ClCompile>
    <ClCompile Include="Final Code (advanced)\shared.c">
      <Filter>Source Files</Filter>
    </ClCompile>
    <ClCompile Include="Final Code (advanced)\utility.c">
      <Filter>Source Files</Filter>
    </ClCompile>
  </ItemGroup>
  <ItemGroup>
    <ClInclude Include="Final Code (advanced)\game.h">
      <Filter>Header Files</Filter>
    </ClInclude>
    <ClInclude Include="Final Code (advanced)\scene_menu.h">
      <Filter>Header Files</Filter>
    </ClInclude>
    <ClInclude Include="Final Code (advanced)\scene_settings.h">
      <Filter>Header Files</Filter>
    </ClInclude>
    <ClInclude Include="Final Code (advanced)\scene_start.h">
      <Filter>Header Files</Filter>
    </ClInclude>
    <ClInclude Include="Final Code (advanced)\shared.h">
      <Filter>Header Files</Filter>
    </ClInclude>
    <ClInclude Include="Final Code (advanced)\utility.h">
      <Filter>Header Files</Filter>
    </ClInclude>
  </ItemGroup>
  <ItemGroup>
    <Image Include="resources\crosshair052.png">
      <Filter>Resource Files</Filter>
    </Image>
    <Image Include="resources\crosshair146.png">
      <Filter>Resource Files</Filter>
    </Image>
    <Image Include="resources\image12.png">
      <Filter>Resource Files</Filter>
    </Image>
    <Image Include="resources\main-bg.jpg">
      <Filter>Resource Files</Filter>
    </Image>
    <Image Include="resources\plane.png">
      <Filter>Resource Files</Filter>
    </Image>
    <Image Include="resources\rocket-1.png">
      <Filter>Resource Files</Filter>
    </Image>
    <Image Include="resources\rocket-2.png">
      <Filter>Resource Files</Filter>
    </Image>
    <Image Include="resources\rocket-3.png">
      <Filter>Resource Files</Filter>
    </Image>
    <Image Include="resources\rocket-4.png">
      <Filter>Resource Files</Filter>
    </Image>
    <Image Include="resources\settings.png">
      <Filter>Resource Files</Filter>
    </Image>
    <Image Include="resources\settings2.png">
      <Filter>Resource Files</Filter>
    </Image>
    <Image Include="resources\smallfighter0006.png">
      <Filter>Resource Files</Filter>
    </Image>
    <Image Include="resources\start-bg.jpg">
      <Filter>Resource Files</Filter>
    </Image>
    <Image Include="resources\tank-1.png">
      <Filter>Resource Files</Filter>
    </Image>
    <Image Include="resources\towerDefense_tile252.png">
      <Filter>Resource Files</Filter>
    </Image>
    <Image Include="resources\ufo-1.png">
      <Filter>Resource Files</Filter>
    </Image>
    <Image Include="resources\ufo-2.png">
      <Filter>Resource Files</Filter>
    </Image>
    <Image Include="resources\ufo-3.png">
      <Filter>Resource Files</Filter>
    </Image>
  </ItemGroup>
  <ItemGroup>
    <Font Include="resources\pirulen.ttf">
      <Filter>Resource Files</Filter>
    </Font>
  </ItemGroup>
</Project>